
Microsoft Visual Studio Solution File, Format Version 12.00
# Visual Studio 15
VisualStudioVersion = 15.0.26510.0
MinimumVisualStudioVersion = 10.0.40219.1
Project("{9A19103F-16F7-4668-BE54-9A1E7A4F7556}") = "APIRegioes", "APIRegioes\APIRegioes.csproj", "{89D25D8B-953E-4F58-B41C-E816D544A2AA}"
EndProject
Global
	GlobalSection(SolutionConfigurationPlatforms) = preSolution
		Debug|Any CPU = Debug|Any CPU
		Release|Any CPU = Release|Any CPU
	EndGlobalSection
	GlobalSection(ProjectConfigurationPlatforms) = postSolution
		{89D25D8B-953E-4F58-B41C-E816D544A2AA}.Debug|Any CPU.ActiveCfg = Debug|Any CPU
		{89D25D8B-953E-4F58-B41C-E816D544A2AA}.Debug|Any CPU.Build.0 = Debug|Any CPU
		{89D25D8B-953E-4F58-B41C-E816D544A2AA}.Release|Any CPU.ActiveCfg = Release|Any CPU
		{89D25D8B-953E-4F58-B41C-E816D544A2AA}.Release|Any CPU.Build.0 = Release|Any CPU
	EndGlobalSection
	GlobalSection(SolutionProperties) = preSolution
		HideSolutionNode = FALSE
	EndGlobalSection
EndGlobal
